
Microsoft Visual Studio Solution File, Format Version 12.00
# Visual Studio Version 17
VisualStudioVersion = 17.13.35806.99
MinimumVisualStudioVersion = 10.0.40219.1
Project("{8BC9CEB8-8B4A-11D0-8D11-00A0C91BC942}") = "odyssey-game", "odyssey-game\odyssey-game.vcxproj", "{BB6960FB-F1E9-40EC-AA2D-84A1C6B4ED60}"
	ProjectSection(ProjectDependencies) = postProject
		{3EEF5564-2BA6-46F7-956D-1EA2404D8CA7} = {3EEF5564-2BA6-46F7-956D-1EA2404D8CA7}
		{514F9BFF-0AD2-4EB5-9FFD-79169C087657} = {514F9BFF-0AD2-4EB5-9FFD-79169C087657}
		{57557A18-DB3F-41A4-BA0B-DF0973647851} = {57557A18-DB3F-41A4-BA0B-DF0973647851}
		{7E9125D3-B20D-4689-A521-5A923BEBF444} = {7E9125D3-B20D-4689-A521-5A923BEBF444}
	EndProjectSection
EndProject
Project("{8BC9CEB8-8B4A-11D0-8D11-00A0C91BC942}") = "liborbisrender", "dependencies\liborbisrender\liborbisrender\liborbisrender.vcxproj", "{3EEF5564-2BA6-46F7-956D-1EA2404D8CA7}"
	ProjectSection(ProjectDependencies) = postProject
		{514F9BFF-0AD2-4EB5-9FFD-79169C087657} = {514F9BFF-0AD2-4EB5-9FFD-79169C087657}
		{57557A18-DB3F-41A4-BA0B-DF0973647851} = {57557A18-DB3F-41A4-BA0B-DF0973647851}
		{7E9125D3-B20D-4689-A521-5A923BEBF444} = {7E9125D3-B20D-4689-A521-5A923BEBF444}
	EndProjectSection
EndProject
Project("{2150E333-8FDC-42A3-9474-1A3956D46DE8}") = "deps", "deps", "{02EA681E-C7D8-13C7-8484-4AC65E1B71E8}"
EndProject
Project("{8BC9CEB8-8B4A-11D0-8D11-00A0C91BC942}") = "liborbisutil", "dependencies\liborbisutil\liborbisutil\liborbisutil.vcxproj", "{57557A18-DB3F-41A4-BA0B-DF0973647851}"
	ProjectSection(ProjectDependencies) = postProject
		{514F9BFF-0AD2-4EB5-9FFD-79169C087657} = {514F9BFF-0AD2-4EB5-9FFD-79169C087657}
		{7E9125D3-B20D-4689-A521-5A923BEBF444} = {7E9125D3-B20D-4689-A521-5A923BEBF444}
	EndProjectSection
EndProject
Project("{8BC9CEB8-8B4A-11D0-8D11-00A0C91BC942}") = "libMinhook", "dependencies\minhook\libMinhook\libMinhook.vcxproj", "{514F9BFF-0AD2-4EB5-9FFD-79169C087657}"
EndProject
Project("{8BC9CEB8-8B4A-11D0-8D11-00A0C91BC942}") = "fmtlib", "dependencies\fmtlib\fmtlib\fmtlib.vcxproj", "{7E9125D3-B20D-4689-A521-5A923BEBF444}"
EndProject
Global
	GlobalSection(SolutionConfigurationPlatforms) = preSolution
		Debug|ORBIS = Debug|ORBIS
		Release|ORBIS = Release|ORBIS
	EndGlobalSection
	GlobalSection(ProjectConfigurationPlatforms) = postSolution
		{BB6960FB-F1E9-40EC-AA2D-84A1C6B4ED60}.Debug|ORBIS.ActiveCfg = Debug|ORBIS
		{BB6960FB-F1E9-40EC-AA2D-84A1C6B4ED60}.Debug|ORBIS.Build.0 = Debug|ORBIS
		{BB6960FB-F1E9-40EC-AA2D-84A1C6B4ED60}.Release|ORBIS.ActiveCfg = Release|ORBIS
		{BB6960FB-F1E9-40EC-AA2D-84A1C6B4ED60}.Release|ORBIS.Build.0 = Release|ORBIS
		{3EEF5564-2BA6-46F7-956D-1EA2404D8CA7}.Debug|ORBIS.ActiveCfg = Debug|ORBIS
		{3EEF5564-2BA6-46F7-956D-1EA2404D8CA7}.Debug|ORBIS.Build.0 = Debug|ORBIS
		{3EEF5564-2BA6-46F7-956D-1EA2404D8CA7}.Release|ORBIS.ActiveCfg = Release|ORBIS
		{3EEF5564-2BA6-46F7-956D-1EA2404D8CA7}.Release|ORBIS.Build.0 = Release|ORBIS
		{57557A18-DB3F-41A4-BA0B-DF0973647851}.Debug|ORBIS.ActiveCfg = Debug|ORBIS
		{57557A18-DB3F-41A4-BA0B-DF0973647851}.Debug|ORBIS.Build.0 = Debug|ORBIS
		{57557A18-DB3F-41A4-BA0B-DF0973647851}.Release|ORBIS.ActiveCfg = Release|ORBIS
		{57557A18-DB3F-41A4-BA0B-DF0973647851}.Release|ORBIS.Build.0 = Release|ORBIS
		{514F9BFF-0AD2-4EB5-9FFD-79169C087657}.Debug|ORBIS.ActiveCfg = Debug|ORBIS
		{514F9BFF-0AD2-4EB5-9FFD-79169C087657}.Debug|ORBIS.Build.0 = Debug|ORBIS
		{514F9BFF-0AD2-4EB5-9FFD-79169C087657}.Release|ORBIS.ActiveCfg = Release|ORBIS
		{514F9BFF-0AD2-4EB5-9FFD-79169C087657}.Release|ORBIS.Build.0 = Release|ORBIS
		{7E9125D3-B20D-4689-A521-5A923BEBF444}.Debug|ORBIS.ActiveCfg = Debug|ORBIS
		{7E9125D3-B20D-4689-A521-5A923BEBF444}.Debug|ORBIS.Build.0 = Debug|ORBIS
		{7E9125D3-B20D-4689-A521-5A923BEBF444}.Release|ORBIS.ActiveCfg = Release|ORBIS
		{7E9125D3-B20D-4689-A521-5A923BEBF444}.Release|ORBIS.Build.0 = Release|ORBIS
	EndGlobalSection
	GlobalSection(SolutionProperties) = preSolution
		HideSolutionNode = FALSE
	EndGlobalSection
	GlobalSection(NestedProjects) = preSolution
		{3EEF5564-2BA6-46F7-956D-1EA2404D8CA7} = {02EA681E-C7D8-13C7-8484-4AC65E1B71E8}
		{57557A18-DB3F-41A4-BA0B-DF0973647851} = {02EA681E-C7D8-13C7-8484-4AC65E1B71E8}
		{514F9BFF-0AD2-4EB5-9FFD-79169C087657} = {02EA681E-C7D8-13C7-8484-4AC65E1B71E8}
		{7E9125D3-B20D-4689-A521-5A923BEBF444} = {02EA681E-C7D8-13C7-8484-4AC65E1B71E8}
	EndGlobalSection
	GlobalSection(ExtensibilityGlobals) = postSolution
		SolutionGuid = {A8F0FD3C-03D2-4690-85A3-D78469A35D83}
	EndGlobalSection
EndGlobal
