<?xml version="1.0" encoding="utf-8"?>
<Project ToolsVersion="4.0" xmlns="http://schemas.microsoft.com/developer/msbuild/2003">
  <ItemGroup>
    <ClCompile Include="prx.cpp" />
    <ClCompile Include="stdafx.cpp" />
    <ClCompile Include="app.cpp">
      <Filter>application</Filter>
    </ClCompile>
  </ItemGroup>
  <ItemGroup>
    <ClInclude Include="stdafx.h" />
    <ClInclude Include="app.h">
      <Filter>application</Filter>
    </ClInclude>
  </ItemGroup>
  <ItemGroup>
    <Filter Include="application">
      <UniqueIdentifier>{84e12a89-ef21-41fe-baf5-f08c15b5cb21}</UniqueIdentifier>
    </Filter>
  </ItemGroup>
</Project>